
Microsoft Visual Studio Solution File, Format Version 12.00
# Visual Studio Version 17
VisualStudioVersion = 17.0.31903.59
MinimumVisualStudioVersion = 10.0.40219.1
Project("{2150E333-8FDC-42A3-9474-1A3956D46DE8}") = "src", "src", "{5FEEBA47-83FB-4190-9D23-8E7AF8E0B95D}"
EndProject
Project("{FAE04EC0-301F-11D3-BF4B-00C04F79EFBC}") = "Havira.Todo.API", "src\Havira.Todo.API\Havira.Todo.API.csproj", "{00D9E868-6ADF-43F4-8716-ABE0EA8083D7}"
EndProject
Project("{FAE04EC0-301F-11D3-BF4B-00C04F79EFBC}") = "Havira.Todo.Application", "src\Havira.Todo.Application\Havira.Todo.Application.csproj", "{E7B8EAE3-93D5-4952-839F-8B3D5574662E}"
EndProject
Project("{FAE04EC0-301F-11D3-BF4B-00C04F79EFBC}") = "Havira.Todo.Domain", "src\Havira.Todo.Domain\Havira.Todo.Domain.csproj", "{1861B440-B4E1-4C9F-916C-ADCDB9CE8FDB}"
EndProject
Project("{FAE04EC0-301F-11D3-BF4B-00C04F79EFBC}") = "Havira.Todo.IoC", "src\Havira.Todo.IoC\Havira.Todo.IoC.csproj", "{9F74B415-F334-443A-9519-6DDE7FC0302A}"
EndProject
Project("{FAE04EC0-301F-11D3-BF4B-00C04F79EFBC}") = "Havira.Todo.ORM", "src\Havira.Todo.ORM\Havira.Todo.ORM.csproj", "{552A2831-F697-496B-AD98-416D1A3E7C26}"
EndProject
Global
	GlobalSection(SolutionConfigurationPlatforms) = preSolution
		Debug|Any CPU = Debug|Any CPU
		Release|Any CPU = Release|Any CPU
	EndGlobalSection
	GlobalSection(SolutionProperties) = preSolution
		HideSolutionNode = FALSE
	EndGlobalSection
	GlobalSection(ProjectConfigurationPlatforms) = postSolution
		{00D9E868-6ADF-43F4-8716-ABE0EA8083D7}.Debug|Any CPU.ActiveCfg = Debug|Any CPU
		{00D9E868-6ADF-43F4-8716-ABE0EA8083D7}.Debug|Any CPU.Build.0 = Debug|Any CPU
		{00D9E868-6ADF-43F4-8716-ABE0EA8083D7}.Release|Any CPU.ActiveCfg = Release|Any CPU
		{00D9E868-6ADF-43F4-8716-ABE0EA8083D7}.Release|Any CPU.Build.0 = Release|Any CPU
		{E7B8EAE3-93D5-4952-839F-8B3D5574662E}.Debug|Any CPU.ActiveCfg = Debug|Any CPU
		{E7B8EAE3-93D5-4952-839F-8B3D5574662E}.Debug|Any CPU.Build.0 = Debug|Any CPU
		{E7B8EAE3-93D5-4952-839F-8B3D5574662E}.Release|Any CPU.ActiveCfg = Release|Any CPU
		{E7B8EAE3-93D5-4952-839F-8B3D5574662E}.Release|Any CPU.Build.0 = Release|Any CPU
		{1861B440-B4E1-4C9F-916C-ADCDB9CE8FDB}.Debug|Any CPU.ActiveCfg = Debug|Any CPU
		{1861B440-B4E1-4C9F-916C-ADCDB9CE8FDB}.Debug|Any CPU.Build.0 = Debug|Any CPU
		{1861B440-B4E1-4C9F-916C-ADCDB9CE8FDB}.Release|Any CPU.ActiveCfg = Release|Any CPU
		{1861B440-B4E1-4C9F-916C-ADCDB9CE8FDB}.Release|Any CPU.Build.0 = Release|Any CPU
		{9F74B415-F334-443A-9519-6DDE7FC0302A}.Debug|Any CPU.ActiveCfg = Debug|Any CPU
		{9F74B415-F334-443A-9519-6DDE7FC0302A}.Debug|Any CPU.Build.0 = Debug|Any CPU
		{9F74B415-F334-443A-9519-6DDE7FC0302A}.Release|Any CPU.ActiveCfg = Release|Any CPU
		{9F74B415-F334-443A-9519-6DDE7FC0302A}.Release|Any CPU.Build.0 = Release|Any CPU
		{552A2831-F697-496B-AD98-416D1A3E7C26}.Debug|Any CPU.ActiveCfg = Debug|Any CPU
		{552A2831-F697-496B-AD98-416D1A3E7C26}.Debug|Any CPU.Build.0 = Debug|Any CPU
		{552A2831-F697-496B-AD98-416D1A3E7C26}.Release|Any CPU.ActiveCfg = Release|Any CPU
		{552A2831-F697-496B-AD98-416D1A3E7C26}.Release|Any CPU.Build.0 = Release|Any CPU
	EndGlobalSection
	GlobalSection(NestedProjects) = preSolution
		{00D9E868-6ADF-43F4-8716-ABE0EA8083D7} = {5FEEBA47-83FB-4190-9D23-8E7AF8E0B95D}
		{E7B8EAE3-93D5-4952-839F-8B3D5574662E} = {5FEEBA47-83FB-4190-9D23-8E7AF8E0B95D}
		{1861B440-B4E1-4C9F-916C-ADCDB9CE8FDB} = {5FEEBA47-83FB-4190-9D23-8E7AF8E0B95D}
		{9F74B415-F334-443A-9519-6DDE7FC0302A} = {5FEEBA47-83FB-4190-9D23-8E7AF8E0B95D}
		{552A2831-F697-496B-AD98-416D1A3E7C26} = {5FEEBA47-83FB-4190-9D23-8E7AF8E0B95D}
	EndGlobalSection
EndGlobal
